
Microsoft Visual Studio Solution File, Format Version 12.00
# Visual Studio Version 16
VisualStudioVersion = 16.0.32002.261
MinimumVisualStudioVersion = 10.0.40219.1
Project("{FAE04EC0-301F-11D3-BF4B-00C04F79EFBC}") = "JwwViewer", "JwwViewer\JwwViewer.csproj", "{693406F3-CBF6-4FCC-A775-A3EC58237594}"
EndProject
Global
	GlobalSection(SolutionConfigurationPlatforms) = preSolution
		Debug|Any CPU = Debug|Any CPU
		Release|Any CPU = Release|Any CPU
	EndGlobalSection
	GlobalSection(ProjectConfigurationPlatforms) = postSolution
		{693406F3-CBF6-4FCC-A775-A3EC58237594}.Debug|Any CPU.ActiveCfg = Debug|Any CPU
		{693406F3-CBF6-4FCC-A775-A3EC58237594}.Debug|Any CPU.Build.0 = Debug|Any CPU
		{693406F3-CBF6-4FCC-A775-A3EC58237594}.Release|Any CPU.ActiveCfg = Release|Any CPU
		{693406F3-CBF6-4FCC-A775-A3EC58237594}.Release|Any CPU.Build.0 = Release|Any CPU
	EndGlobalSection
	GlobalSection(SolutionProperties) = preSolution
		HideSolutionNode = FALSE
	EndGlobalSection
	GlobalSection(ExtensibilityGlobals) = postSolution
		SolutionGuid = {B730E964-53AD-4498-B185-79F799FB0552}
	EndGlobalSection
EndGlobal
